
Microsoft Visual Studio Solution File, Format Version 12.00
# Visual Studio 15
VisualStudioVersion = 15.0.27703.2042
MinimumVisualStudioVersion = 10.0.40219.1
Project("{2150E333-8FDC-42A3-9474-1A3956D46DE8}") = "Scripts", "Scripts", "{30805DF0-E2E3-4049-A6A2-6305B8CECC64}"
	ProjectSection(SolutionItems) = preProject
		InitializationScript.sql = InitializationScript.sql
	EndProjectSection
EndProject
Project("{FAE04EC0-301F-11D3-BF4B-00C04F79EFBC}") = "GearTracker.ConsoleApp", "GearTracker.Console\GearTracker.ConsoleApp.csproj", "{BFFF95FA-B44B-4807-9522-8F1DBB069761}"
EndProject
Project("{FAE04EC0-301F-11D3-BF4B-00C04F79EFBC}") = "GearTrackerData", "GearTrackerData\GearTrackerData.csproj", "{2FCD1B75-FE22-453A-A761-D3FD438AAD9C}"
EndProject
Project("{FAE04EC0-301F-11D3-BF4B-00C04F79EFBC}") = "GearTrackerServices", "GearTrackingServices\GearTrackerServices.csproj", "{3542F46B-1A23-466F-8582-DFE7BB6FFBC1}"
EndProject
Global
	GlobalSection(SolutionConfigurationPlatforms) = preSolution
		Ad-Hoc|Any CPU = Ad-Hoc|Any CPU
		Ad-Hoc|iPhone = Ad-Hoc|iPhone
		Ad-Hoc|iPhoneSimulator = Ad-Hoc|iPhoneSimulator
		AppStore|Any CPU = AppStore|Any CPU
		AppStore|iPhone = AppStore|iPhone
		AppStore|iPhoneSimulator = AppStore|iPhoneSimulator
		Debug|Any CPU = Debug|Any CPU
		Debug|iPhone = Debug|iPhone
		Debug|iPhoneSimulator = Debug|iPhoneSimulator
		Release|Any CPU = Release|Any CPU
		Release|iPhone = Release|iPhone
		Release|iPhoneSimulator = Release|iPhoneSimulator
	EndGlobalSection
	GlobalSection(ProjectConfigurationPlatforms) = postSolution
		{BFFF95FA-B44B-4807-9522-8F1DBB069761}.Ad-Hoc|Any CPU.ActiveCfg = Release|Any CPU
		{BFFF95FA-B44B-4807-9522-8F1DBB069761}.Ad-Hoc|Any CPU.Build.0 = Release|Any CPU
		{BFFF95FA-B44B-4807-9522-8F1DBB069761}.Ad-Hoc|iPhone.ActiveCfg = Release|Any CPU
		{BFFF95FA-B44B-4807-9522-8F1DBB069761}.Ad-Hoc|iPhone.Build.0 = Release|Any CPU
		{BFFF95FA-B44B-4807-9522-8F1DBB069761}.Ad-Hoc|iPhoneSimulator.ActiveCfg = Release|Any CPU
		{BFFF95FA-B44B-4807-9522-8F1DBB069761}.Ad-Hoc|iPhoneSimulator.Build.0 = Release|Any CPU
		{BFFF95FA-B44B-4807-9522-8F1DBB069761}.AppStore|Any CPU.ActiveCfg = Release|Any CPU
		{BFFF95FA-B44B-4807-9522-8F1DBB069761}.AppStore|Any CPU.Build.0 = Release|Any CPU
		{BFFF95FA-B44B-4807-9522-8F1DBB069761}.AppStore|iPhone.ActiveCfg = Release|Any CPU
		{BFFF95FA-B44B-4807-9522-8F1DBB069761}.AppStore|iPhone.Build.0 = Release|Any CPU
		{BFFF95FA-B44B-4807-9522-8F1DBB069761}.AppStore|iPhoneSimulator.ActiveCfg = Release|Any CPU
		{BFFF95FA-B44B-4807-9522-8F1DBB069761}.AppStore|iPhoneSimulator.Build.0 = Release|Any CPU
		{BFFF95FA-B44B-4807-9522-8F1DBB069761}.Debug|Any CPU.ActiveCfg = Debug|Any CPU
		{BFFF95FA-B44B-4807-9522-8F1DBB069761}.Debug|Any CPU.Build.0 = Debug|Any CPU
		{BFFF95FA-B44B-4807-9522-8F1DBB069761}.Debug|iPhone.ActiveCfg = Debug|Any CPU
		{BFFF95FA-B44B-4807-9522-8F1DBB069761}.Debug|iPhone.Build.0 = Debug|Any CPU
		{BFFF95FA-B44B-4807-9522-8F1DBB069761}.Debug|iPhoneSimulator.ActiveCfg = Debug|Any CPU
		{BFFF95FA-B44B-4807-9522-8F1DBB069761}.Debug|iPhoneSimulator.Build.0 = Debug|Any CPU
		{BFFF95FA-B44B-4807-9522-8F1DBB069761}.Release|Any CPU.ActiveCfg = Release|Any CPU
		{BFFF95FA-B44B-4807-9522-8F1DBB069761}.Release|Any CPU.Build.0 = Release|Any CPU
		{BFFF95FA-B44B-4807-9522-8F1DBB069761}.Release|iPhone.ActiveCfg = Release|Any CPU
		{BFFF95FA-B44B-4807-9522-8F1DBB069761}.Release|iPhone.Build.0 = Release|Any CPU
		{BFFF95FA-B44B-4807-9522-8F1DBB069761}.Release|iPhoneSimulator.ActiveCfg = Release|Any CPU
		{BFFF95FA-B44B-4807-9522-8F1DBB069761}.Release|iPhoneSimulator.Build.0 = Release|Any CPU
		{2FCD1B75-FE22-453A-A761-D3FD438AAD9C}.Ad-Hoc|Any CPU.ActiveCfg = Release|Any CPU
		{2FCD1B75-FE22-453A-A761-D3FD438AAD9C}.Ad-Hoc|Any CPU.Build.0 = Release|Any CPU
		{2FCD1B75-FE22-453A-A761-D3FD438AAD9C}.Ad-Hoc|iPhone.ActiveCfg = Release|Any CPU
		{2FCD1B75-FE22-453A-A761-D3FD438AAD9C}.Ad-Hoc|iPhone.Build.0 = Release|Any CPU
		{2FCD1B75-FE22-453A-A761-D3FD438AAD9C}.Ad-Hoc|iPhoneSimulator.ActiveCfg = Release|Any CPU
		{2FCD1B75-FE22-453A-A761-D3FD438AAD9C}.Ad-Hoc|iPhoneSimulator.Build.0 = Release|Any CPU
		{2FCD1B75-FE22-453A-A761-D3FD438AAD9C}.AppStore|Any CPU.ActiveCfg = Release|Any CPU
		{2FCD1B75-FE22-453A-A761-D3FD438AAD9C}.AppStore|Any CPU.Build.0 = Release|Any CPU
		{2FCD1B75-FE22-453A-A761-D3FD438AAD9C}.AppStore|iPhone.ActiveCfg = Release|Any CPU
		{2FCD1B75-FE22-453A-A761-D3FD438AAD9C}.AppStore|iPhone.Build.0 = Release|Any CPU
		{2FCD1B75-FE22-453A-A761-D3FD438AAD9C}.AppStore|iPhoneSimulator.ActiveCfg = Release|Any CPU
		{2FCD1B75-FE22-453A-A761-D3FD438AAD9C}.AppStore|iPhoneSimulator.Build.0 = Release|Any CPU
		{2FCD1B75-FE22-453A-A761-D3FD438AAD9C}.Debug|Any CPU.ActiveCfg = Debug|Any CPU
		{2FCD1B75-FE22-453A-A761-D3FD438AAD9C}.Debug|Any CPU.Build.0 = Debug|Any CPU
		{2FCD1B75-FE22-453A-A761-D3FD438AAD9C}.Debug|iPhone.ActiveCfg = Debug|Any CPU
		{2FCD1B75-FE22-453A-A761-D3FD438AAD9C}.Debug|iPhone.Build.0 = Debug|Any CPU
		{2FCD1B75-FE22-453A-A761-D3FD438AAD9C}.Debug|iPhoneSimulator.ActiveCfg = Debug|Any CPU
		{2FCD1B75-FE22-453A-A761-D3FD438AAD9C}.Debug|iPhoneSimulator.Build.0 = Debug|Any CPU
		{2FCD1B75-FE22-453A-A761-D3FD438AAD9C}.Release|Any CPU.ActiveCfg = Release|Any CPU
		{2FCD1B75-FE22-453A-A761-D3FD438AAD9C}.Release|Any CPU.Build.0 = Release|Any CPU
		{2FCD1B75-FE22-453A-A761-D3FD438AAD9C}.Release|iPhone.ActiveCfg = Release|Any CPU
		{2FCD1B75-FE22-453A-A761-D3FD438AAD9C}.Release|iPhone.Build.0 = Release|Any CPU
		{2FCD1B75-FE22-453A-A761-D3FD438AAD9C}.Release|iPhoneSimulator.ActiveCfg = Release|Any CPU
		{2FCD1B75-FE22-453A-A761-D3FD438AAD9C}.Release|iPhoneSimulator.Build.0 = Release|Any CPU
		{3542F46B-1A23-466F-8582-DFE7BB6FFBC1}.Ad-Hoc|Any CPU.ActiveCfg = Release|Any CPU
		{3542F46B-1A23-466F-8582-DFE7BB6FFBC1}.Ad-Hoc|Any CPU.Build.0 = Release|Any CPU
		{3542F46B-1A23-466F-8582-DFE7BB6FFBC1}.Ad-Hoc|iPhone.ActiveCfg = Release|Any CPU
		{3542F46B-1A23-466F-8582-DFE7BB6FFBC1}.Ad-Hoc|iPhone.Build.0 = Release|Any CPU
		{3542F46B-1A23-466F-8582-DFE7BB6FFBC1}.Ad-Hoc|iPhoneSimulator.ActiveCfg = Release|Any CPU
		{3542F46B-1A23-466F-8582-DFE7BB6FFBC1}.Ad-Hoc|iPhoneSimulator.Build.0 = Release|Any CPU
		{3542F46B-1A23-466F-8582-DFE7BB6FFBC1}.AppStore|Any CPU.ActiveCfg = Release|Any CPU
		{3542F46B-1A23-466F-8582-DFE7BB6FFBC1}.AppStore|Any CPU.Build.0 = Release|Any CPU
		{3542F46B-1A23-466F-8582-DFE7BB6FFBC1}.AppStore|iPhone.ActiveCfg = Release|Any CPU
		{3542F46B-1A23-466F-8582-DFE7BB6FFBC1}.AppStore|iPhone.Build.0 = Release|Any CPU
		{3542F46B-1A23-466F-8582-DFE7BB6FFBC1}.AppStore|iPhoneSimulator.ActiveCfg = Release|Any CPU
		{3542F46B-1A23-466F-8582-DFE7BB6FFBC1}.AppStore|iPhoneSimulator.Build.0 = Release|Any CPU
		{3542F46B-1A23-466F-8582-DFE7BB6FFBC1}.Debug|Any CPU.ActiveCfg = Debug|Any CPU
		{3542F46B-1A23-466F-8582-DFE7BB6FFBC1}.Debug|Any CPU.Build.0 = Debug|Any CPU
		{3542F46B-1A23-466F-8582-DFE7BB6FFBC1}.Debug|iPhone.ActiveCfg = Debug|Any CPU
		{3542F46B-1A23-466F-8582-DFE7BB6FFBC1}.Debug|iPhone.Build.0 = Debug|Any CPU
		{3542F46B-1A23-466F-8582-DFE7BB6FFBC1}.Debug|iPhoneSimulator.ActiveCfg = Debug|Any CPU
		{3542F46B-1A23-466F-8582-DFE7BB6FFBC1}.Debug|iPhoneSimulator.Build.0 = Debug|Any CPU
		{3542F46B-1A23-466F-8582-DFE7BB6FFBC1}.Release|Any CPU.ActiveCfg = Release|Any CPU
		{3542F46B-1A23-466F-8582-DFE7BB6FFBC1}.Release|Any CPU.Build.0 = Release|Any CPU
		{3542F46B-1A23-466F-8582-DFE7BB6FFBC1}.Release|iPhone.ActiveCfg = Release|Any CPU
		{3542F46B-1A23-466F-8582-DFE7BB6FFBC1}.Release|iPhone.Build.0 = Release|Any CPU
		{3542F46B-1A23-466F-8582-DFE7BB6FFBC1}.Release|iPhoneSimulator.ActiveCfg = Release|Any CPU
		{3542F46B-1A23-466F-8582-DFE7BB6FFBC1}.Release|iPhoneSimulator.Build.0 = Release|Any CPU
	EndGlobalSection
	GlobalSection(SolutionProperties) = preSolution
		HideSolutionNode = FALSE
	EndGlobalSection
	GlobalSection(ExtensibilityGlobals) = postSolution
		SolutionGuid = {114FCE02-68CA-4F7F-8D0F-B618079CCED5}
	EndGlobalSection
EndGlobal
